
Microsoft Visual Studio Solution File, Format Version 12.00
# Visual Studio Version 16
VisualStudioVersion = 16.0.30804.86
MinimumVisualStudioVersion = 10.0.40219.1
Project("{FAE04EC0-301F-11D3-BF4B-00C04F79EFBC}") = "VizeOdev", "VizeOdev\VizeOdev.csproj", "{7564D6DE-24ED-49C9-A11C-744F8D7EA3F5}"
EndProject
Global
	GlobalSection(SolutionConfigurationPlatforms) = preSolution
		Debug|Any CPU = Debug|Any CPU
		Release|Any CPU = Release|Any CPU
	EndGlobalSection
	GlobalSection(ProjectConfigurationPlatforms) = postSolution
		{7564D6DE-24ED-49C9-A11C-744F8D7EA3F5}.Debug|Any CPU.ActiveCfg = Debug|Any CPU
		{7564D6DE-24ED-49C9-A11C-744F8D7EA3F5}.Debug|Any CPU.Build.0 = Debug|Any CPU
		{7564D6DE-24ED-49C9-A11C-744F8D7EA3F5}.Release|Any CPU.ActiveCfg = Release|Any CPU
		{7564D6DE-24ED-49C9-A11C-744F8D7EA3F5}.Release|Any CPU.Build.0 = Release|Any CPU
	EndGlobalSection
	GlobalSection(SolutionProperties) = preSolution
		HideSolutionNode = FALSE
	EndGlobalSection
	GlobalSection(ExtensibilityGlobals) = postSolution
		SolutionGuid = {DAC05538-7709-4392-8728-4971907DF8F1}
	EndGlobalSection
EndGlobal
